# THIS IS AN AUTOGENERATED FILE. DO NOT EDIT THIS FILE DIRECTLY.
# yarn lockfile v1


"@sourcegraph/prettierrc@3.0.2":
  version "3.0.2"
  resolved "https://registry.yarnpkg.com/@sourcegraph/prettierrc/-/prettierrc-3.0.2.tgz#a8fb80ed5712a59cd60eb62f0969090ebc386a80"
  integrity sha512-HCEKIIgOLap22yvnMcr+v6X/1LK6LuVd5MhGLxjYsb7irI2KNEQpalR5SKjsfYPawzVcgCPu1QsD0Oy4iGdPuA==

prettier@2.4.0:
  version "2.4.0"
  resolved "https://registry.yarnpkg.com/prettier/-/prettier-2.4.0.tgz#85bdfe0f70c3e777cf13a4ffff39713ca6f64cba"
  integrity sha512-DsEPLY1dE5HF3BxCRBmD4uYZ+5DCbvatnolqTqcxEgKVZnL2kUfyu7b8pPQ5+hTBkdhU9SLUmK0/pHb07RE4WQ==
